// !$*UTF8*$!
{
	archiveVersion = 1;
	classes = {
	};
	objectVersion = 46;
	objects = {

/* Begin PBXBuildFile section */
		1F7F9E131CBD3B1A007F9412 /* AppDelegate.swift in Sources */ = {isa = PBXBuildFile; fileRef = 1F7F9E121CBD3B1A007F9412 /* AppDelegate.swift */; };
		1F7F9E181CBD3B1A007F9412 /* Main.storyboard in Resources */ = {isa = PBXBuildFile; fileRef = 1F7F9E161CBD3B1A007F9412 /* Main.storyboard */; };
		1F7F9E1A1CBD3B1A007F9412 /* Assets.xcassets in Resources */ = {isa = PBXBuildFile; fileRef = 1F7F9E191CBD3B1A007F9412 /* Assets.xcassets */; };
		1F7F9E1D1CBD3B1A007F9412 /* LaunchScreen.storyboard in Resources */ = {isa = PBXBuildFile; fileRef = 1F7F9E1B1CBD3B1A007F9412 /* LaunchScreen.storyboard */; };
		1F7F9E251CBD3F15007F9412 /* MenuTableViewController.swift in Sources */ = {isa = PBXBuildFile; fileRef = 1F7F9E241CBD3F15007F9412 /* MenuTableViewController.swift */; };
		1F7F9E271CBD3F28007F9412 /* MasterViewController.swift in Sources */ = {isa = PBXBuildFile; fileRef = 1F7F9E261CBD3F28007F9412 /* MasterViewController.swift */; };
		1F7F9E291CBD3F4D007F9412 /* ContainerViewController.swift in Sources */ = {isa = PBXBuildFile; fileRef = 1F7F9E281CBD3F4D007F9412 /* ContainerViewController.swift */; };
		1F916BE71CBE19F000977C73 /* MenuItemViewController.swift in Sources */ = {isa = PBXBuildFile; fileRef = 1F916BE61CBE19F000977C73 /* MenuItemViewController.swift */; };
/* End PBXBuildFile section */

/* Begin PBXFileReference section */
		1F7F9E0F1CBD3B1A007F9412 /* SKHamburgerMenu.app */ = {isa = PBXFileReference; explicitFileType = wrapper.application; includeInIndex = 0; path = SKHamburgerMenu.app; sourceTree = BUILT_PRODUCTS_DIR; };
		1F7F9E121CBD3B1A007F9412 /* AppDelegate.swift */ = {isa = PBXFileReference; lastKnownFileType = sourcecode.swift; path = AppDelegate.swift; sourceTree = "<group>"; };
		1F7F9E171CBD3B1A007F9412 /* Base */ = {isa = PBXFileReference; lastKnownFileType = file.storyboard; name = Base; path = Base.lproj/Main.storyboard; sourceTree = "<group>"; };
		1F7F9E191CBD3B1A007F9412 /* Assets.xcassets */ = {isa = PBXFileReference; lastKnownFileType = folder.assetcatalog; path = Assets.xcassets; sourceTree = "<group>"; };
		1F7F9E1C1CBD3B1A007F9412 /* Base */ = {isa = PBXFileReference; lastKnownFileType = file.storyboard; name = Base; path = Base.lproj/LaunchScreen.storyboard; sourceTree = "<group>"; };
		1F7F9E1E1CBD3B1A007F9412 /* Info.plist */ = {isa = PBXFileReference; lastKnownFileType = text.plist.xml; path = Info.plist; sourceTree = "<group>"; };
		1F7F9E241CBD3F15007F9412 /* MenuTableViewController.swift */ = {isa = PBXFileReference; fileEncoding = 4; lastKnownFileType = sourcecode.swift; path = MenuTableViewController.swift; sourceTree = "<group>"; };
		1F7F9E261CBD3F28007F9412 /* MasterViewController.swift */ = {isa = PBXFileReference; fileEncoding = 4; lastKnownFileType = sourcecode.swift; path = MasterViewController.swift; sourceTree = "<group>"; };
		1F7F9E281CBD3F4D007F9412 /* ContainerViewController.swift */ = {isa = PBXFileReference; fileEncoding = 4; lastKnownFileType = sourcecode.swift; path = ContainerViewController.swift; sourceTree = "<group>"; };
		1F916BE61CBE19F000977C73 /* MenuItemViewController.swift */ = {isa = PBXFileReference; fileEncoding = 4; lastKnownFileType = sourcecode.swift; path = MenuItemViewController.swift; sourceTree = "<group>"; };
/* End PBXFileReference section */

/* Begin PBXFrameworksBuildPhase section */
		1F7F9E0C1CBD3B1A007F9412 /* Frameworks */ = {
			isa = PBXFrameworksBuildPhase;
			buildActionMask = 2147483647;
			files = (
			);
			runOnlyForDeploymentPostprocessing = 0;
		};
/* End PBXFrameworksBuildPhase section */

/* Begin PBXGroup section */
		1F7F9E061CBD3B1A007F9412 = {
			isa = PBXGroup;
			children = (
				1F7F9E111CBD3B1A007F9412 /* sideMenu */,
				1F7F9E101CBD3B1A007F9412 /* Products */,
			);
			sourceTree = "<group>";
		};
		1F7F9E101CBD3B1A007F9412 /* Products */ = {
			isa = PBXGroup;
			children = (
				1F7F9E0F1CBD3B1A007F9412 /* SKHamburgerMenu.app */,
			);
			name = Products;
			sourceTree = "<group>";
		};
		1F7F9E111CBD3B1A007F9412 /* sideMenu */ = {
			isa = PBXGroup;
			children = (
				1F7F9E121CBD3B1A007F9412 /* AppDelegate.swift */,
				1F7F9E161CBD3B1A007F9412 /* Main.storyboard */,
				1F7F9E191CBD3B1A007F9412 /* Assets.xcassets */,
				1F7F9E1B1CBD3B1A007F9412 /* LaunchScreen.storyboard */,
				1F7F9E1E1CBD3B1A007F9412 /* Info.plist */,
				1F7F9E241CBD3F15007F9412 /* MenuTableViewController.swift */,
				1F7F9E261CBD3F28007F9412 /* MasterViewController.swift */,
				1F7F9E281CBD3F4D007F9412 /* ContainerViewController.swift */,
				1F916BE61CBE19F000977C73 /* MenuItemViewController.swift */,
			);
			path = sideMenu;
			sourceTree = "<group>";
		};
/* End PBXGroup section */

/* Begin PBXNativeTarget section */
		1F7F9E0E1CBD3B1A007F9412 /* SKHamburgerMenu */ = {
			isa = PBXNativeTarget;
			buildConfigurationList = 1F7F9E211CBD3B1A007F9412 /* Build configuration list for PBXNativeTarget "SKHamburgerMenu" */;
			buildPhases = (
				1F7F9E0B1CBD3B1A007F9412 /* Sources */,
				1F7F9E0C1CBD3B1A007F9412 /* Frameworks */,
				1F7F9E0D1CBD3B1A007F9412 /* Resources */,
			);
			buildRules = (
			);
			dependencies = (
			);
			name = SKHamburgerMenu;
			productName = sideMenu;
			productReference = 1F7F9E0F1CBD3B1A007F9412 /* SKHamburgerMenu.app */;
			productType = "com.apple.product-type.application";
		};
/* End PBXNativeTarget section */

/* Begin PBXProject section */
		1F7F9E071CBD3B1A007F9412 /* Project object */ = {
			isa = PBXProject;
			attributes = {
				LastSwiftUpdateCheck = 0730;
				LastUpgradeCheck = 0730;
				ORGANIZATIONNAME = satishkumar;
				TargetAttributes = {
					1F7F9E0E1CBD3B1A007F9412 = {
						CreatedOnToolsVersion = 7.3;
					};
				};
			};
			buildConfigurationList = 1F7F9E0A1CBD3B1A007F9412 /* Build configuration list for PBXProject "SKHamburgerMenu" */;
			compatibilityVersion = "Xcode 3.2";
			developmentRegion = English;
			hasScannedForEncodings = 0;
			knownRegions = (
				en,
				Base,
			);
			mainGroup = 1F7F9E061CBD3B1A007F9412;
			productRefGroup = 1F7F9E101CBD3B1A007F9412 /* Products */;
			projectDirPath = "";
			projectRoot = "";
			targets = (
				1F7F9E0E1CBD3B1A007F9412 /* SKHamburgerMenu */,
			);
		};
/* End PBXProject section */

/* Begin PBXResourcesBuildPhase section */
		1F7F9E0D1CBD3B1A007F9412 /* Resources */ = {
			isa = PBXResourcesBuildPhase;
			buildActionMask = 2147483647;
			files = (
				1F7F9E1D1CBD3B1A007F9412 /* LaunchScreen.storyboard in Resources */,
				1F7F9E1A1CBD3B1A007F9412 /* Assets.xcassets in Resources */,
				1F7F9E181CBD3B1A007F9412 /* Main.storyboard in Resources */,
			);
			runOnlyForDeploymentPostprocessing = 0;
		};
/* End PBXResourcesBuildPhase section */

/* Begin PBXSourcesBuildPhase section */
		1F7F9E0B1CBD3B1A007F9412 /* Sources */ = {
			isa = PBXSourcesBuildPhase;
			buildActionMask = 2147483647;
			files = (
				1F7F9E271CBD3F28007F9412 /* MasterViewController.swift in Sources */,
				1F916BE71CBE19F000977C73 /* MenuItemViewController.swift in Sources */,
				1F7F9E291CBD3F4D007F9412 /* ContainerViewController.swift in Sources */,
				1F7F9E131CBD3B1A007F9412 /* AppDelegate.swift in Sources */,
				1F7F9E251CBD3F15007F9412 /* MenuTableViewController.swift in Sources */,
			);
			runOnlyForDeploymentPostprocessing = 0;
		};
/* End PBXSourcesBuildPhase section */

/* Begin PBXVariantGroup section */
		1F7F9E161CBD3B1A007F9412 /* Main.storyboard */ = {
			isa = PBXVariantGroup;
			children = (
				1F7F9E171CBD3B1A007F9412 /* Base */,
			);
			name = Main.storyboard;
			sourceTree = "<group>";
		};
		1F7F9E1B1CBD3B1A007F9412 /* LaunchScreen.storyboard */ = {
			isa = PBXVariantGroup;
			children = (
				1F7F9E1C1CBD3B1A007F9412 /* Base */,
			);
			name = LaunchScreen.storyboard;
			sourceTree = "<group>";
		};
/* End PBXVariantGroup section */

/* Begin XCBuildConfiguration section */
		1F7F9E1F1CBD3B1A007F9412 /* Debug */ = {
			isa = XCBuildConfiguration;
			buildSettings = {
				ALWAYS_SEARCH_USER_PATHS = NO;
				CLANG_ANALYZER_NONNULL = YES;
				CLANG_CXX_LANGUAGE_STANDARD = "gnu++0x";
				CLANG_CXX_LIBRARY = "libc++";
				CLANG_ENABLE_MODULES = YES;
				CLANG_ENABLE_OBJC_ARC = YES;
				CLANG_WARN_BOOL_CONVERSION = YES;
				CLANG_WARN_CONSTANT_CONVERSION = YES;
				CLANG_WARN_DIRECT_OBJC_ISA_USAGE = YES_ERROR;
				CLANG_WARN_EMPTY_BODY = YES;
				CLANG_WARN_ENUM_CONVERSION = YES;
				CLANG_WARN_INT_CONVERSION = YES;
				CLANG_WARN_OBJC_ROOT_CLASS = YES_ERROR;
				CLANG_WARN_UNREACHABLE_CODE = YES;
				CLANG_WARN__DUPLICATE_METHOD_MATCH = YES;
				"CODE_SIGN_IDENTITY[sdk=iphoneos*]" = "iPhone Developer";
				COPY_PHASE_STRIP = NO;
				DEBUG_INFORMATION_FORMAT = dwarf;
				ENABLE_STRICT_OBJC_MSGSEND = YES;
				ENABLE_TESTABILITY = YES;
				GCC_C_LANGUAGE_STANDARD = gnu99;
				GCC_DYNAMIC_NO_PIC = NO;
				GCC_NO_COMMON_BLOCKS = YES;
				GCC_OPTIMIZATION_LEVEL = 0;
				GCC_PREPROCESSOR_DEFINITIONS = (
					"DEBUG=1",
					"$(inherited)",
				);
				GCC_WARN_64_TO_32_BIT_CONVERSION = YES;
				GCC_WARN_ABOUT_RETURN_TYPE = YES_ERROR;
				GCC_WARN_UNDECLARED_SELECTOR = YES;
				GCC_WARN_UNINITIALIZED_AUTOS = YES_AGGRESSIVE;
				GCC_WARN_UNUSED_FUNCTION = YES;
				GCC_WARN_UNUSED_VARIABLE = YES;
				IPHONEOS_DEPLOYMENT_TARGET = 9.3;
				MTL_ENABLE_DEBUG_INFO = YES;
				ONLY_ACTIVE_ARCH = YES;
				SDKROOT = iphoneos;
				SWIFT_OPTIMIZATION_LEVEL = "-Onone";
			};
			name = Debug;
		};
		1F7F9E201CBD3B1A007F9412 /* Release */ = {
			isa = XCBuildConfiguration;
			buildSettings = {
				ALWAYS_SEARCH_USER_PATHS = NO;
				CLANG_ANALYZER_NONNULL = YES;
				CLANG_CXX_LANGUAGE_STANDARD = "gnu++0x";
				CLANG_CXX_LIBRARY = "libc++";
				CLANG_ENABLE_MODULES = YES;
				CLANG_ENABLE_OBJC_ARC = YES;
				CLANG_WARN_BOOL_CONVERSION = YES;
				CLANG_WARN_CONSTANT_CONVERSION = YES;
				CLANG_WARN_DIRECT_OBJC_ISA_USAGE = YES_ERROR;
				CLANG_WARN_EMPTY_BODY = YES;
				CLANG_WARN_ENUM_CONVERSION = YES;
				CLANG_WARN_INT_CONVERSION = YES;
				CLANG_WARN_OBJC_ROOT_CLASS = YES_ERROR;
				CLANG_WARN_UNREACHABLE_CODE = YES;
				CLANG_WARN__DUPLICATE_METHOD_MATCH = YES;
				"CODE_SIGN_IDENTITY[sdk=iphoneos*]" = "iPhone Developer";
				COPY_PHASE_STRIP = NO;
				DEBUG_INFORMATION_FORMAT = "dwarf-with-dsym";
				ENABLE_NS_ASSERTIONS = NO;
				ENABLE_STRICT_OBJC_MSGSEND = YES;
				GCC_C_LANGUAGE_STANDARD = gnu99;
				GCC_NO_COMMON_BLOCKS = YES;
				GCC_WARN_64_TO_32_BIT_CONVERSION = YES;
				GCC_WARN_ABOUT_RETURN_TYPE = YES_ERROR;
				GCC_WARN_UNDECLARED_SELECTOR = YES;
				GCC_WARN_UNINITIALIZED_AUTOS = YES_AGGRESSIVE;
				GCC_WARN_UNUSED_FUNCTION = YES;
				GCC_WARN_UNUSED_VARIABLE = YES;
				IPHONEOS_DEPLOYMENT_TARGET = 9.3;
				MTL_ENABLE_DEBUG_INFO = NO;
				SDKROOT = iphoneos;
				VALIDATE_PRODUCT = YES;
			};
			name = Release;
		};
		1F7F9E221CBD3B1A007F9412 /* Debug */ = {
			isa = XCBuildConfiguration;
			buildSettings = {
				ASSETCATALOG_COMPILER_APPICON_NAME = AppIcon;
				INFOPLIST_FILE = sideMenu/Info.plist;
				LD_RUNPATH_SEARCH_PATHS = "$(inherited) @executable_path/Frameworks";
				PRODUCT_BUNDLE_IDENTIFIER = "com.above-inc.com.sideMenu";
				PRODUCT_NAME = SKHamburgerMenu;
			};
			name = Debug;
		};
		1F7F9E231CBD3B1A007F9412 /* Release */ = {
			isa = XCBuildConfiguration;
			buildSettings = {
				ASSETCATALOG_COMPILER_APPICON_NAME = AppIcon;
				INFOPLIST_FILE = sideMenu/Info.plist;
				LD_RUNPATH_SEARCH_PATHS = "$(inherited) @executable_path/Frameworks";
				PRODUCT_BUNDLE_IDENTIFIER = "com.above-inc.com.sideMenu";
				PRODUCT_NAME = SKHamburgerMenu;
			};
			name = Release;
		};
/* End XCBuildConfiguration section */

/* Begin XCConfigurationList section */
		1F7F9E0A1CBD3B1A007F9412 /* Build configuration list for PBXProject "SKHamburgerMenu" */ = {
			isa = XCConfigurationList;
			buildConfigurations = (
				1F7F9E1F1CBD3B1A007F9412 /* Debug */,
				1F7F9E201CBD3B1A007F9412 /* Release */,
			);
			defaultConfigurationIsVisible = 0;
			defaultConfigurationName = Release;
		};
		1F7F9E211CBD3B1A007F9412 /* Build configuration list for PBXNativeTarget "SKHamburgerMenu" */ = {
			isa = XCConfigurationList;
			buildConfigurations = (
				1F7F9E221CBD3B1A007F9412 /* Debug */,
				1F7F9E231CBD3B1A007F9412 /* Release */,
			);
			defaultConfigurationIsVisible = 0;
			defaultConfigurationName = Release;
		};
/* End XCConfigurationList section */
	};
	rootObject = 1F7F9E071CBD3B1A007F9412 /* Project object */;
}
